
Microsoft Visual Studio Solution File, Format Version 12.00
# Visual Studio 15
VisualStudioVersion = 15.0.27130.2027
MinimumVisualStudioVersion = 10.0.40219.1
Project("{FAE04EC0-301F-11D3-BF4B-00C04F79EFBC}") = "InExactObjectMapping", "InExactObjectMapping\InExactObjectMapping.csproj", "{50FA1DD5-6E80-4C26-8CEB-80BFEB5205BF}"
EndProject
Project("{FAE04EC0-301F-11D3-BF4B-00C04F79EFBC}") = "InExaxtObjectMapping.Tests", "InExaxtObjectMapping.Tests\InExaxtObjectMapping.Tests.csproj", "{C80C292B-F997-40D4-B419-605058A21CA0}"
EndProject
Global
	GlobalSection(SolutionConfigurationPlatforms) = preSolution
		Debug|Any CPU = Debug|Any CPU
		Release|Any CPU = Release|Any CPU
	EndGlobalSection
	GlobalSection(ProjectConfigurationPlatforms) = postSolution
		{50FA1DD5-6E80-4C26-8CEB-80BFEB5205BF}.Debug|Any CPU.ActiveCfg = Debug|Any CPU
		{50FA1DD5-6E80-4C26-8CEB-80BFEB5205BF}.Debug|Any CPU.Build.0 = Debug|Any CPU
		{50FA1DD5-6E80-4C26-8CEB-80BFEB5205BF}.Release|Any CPU.ActiveCfg = Release|Any CPU
		{50FA1DD5-6E80-4C26-8CEB-80BFEB5205BF}.Release|Any CPU.Build.0 = Release|Any CPU
		{C80C292B-F997-40D4-B419-605058A21CA0}.Debug|Any CPU.ActiveCfg = Debug|Any CPU
		{C80C292B-F997-40D4-B419-605058A21CA0}.Debug|Any CPU.Build.0 = Debug|Any CPU
		{C80C292B-F997-40D4-B419-605058A21CA0}.Release|Any CPU.ActiveCfg = Release|Any CPU
		{C80C292B-F997-40D4-B419-605058A21CA0}.Release|Any CPU.Build.0 = Release|Any CPU
	EndGlobalSection
	GlobalSection(SolutionProperties) = preSolution
		HideSolutionNode = FALSE
	EndGlobalSection
	GlobalSection(ExtensibilityGlobals) = postSolution
		SolutionGuid = {228BB5AA-D552-46FB-B828-BAAAB50F2D7E}
	EndGlobalSection
EndGlobal
